// !$*UTF8*$!
{
	archiveVersion = 1;
	classes = {
	};
	objectVersion = 52;
	objects = {

/* Begin PBXBuildFile section */
		A814B40224537F73002D1415 /* Main.storyboard in Resources */ = {isa = PBXBuildFile; fileRef = A814B40024537F73002D1415 /* Main.storyboard */; };
		A814B40424537F75002D1415 /* Assets.xcassets in Resources */ = {isa = PBXBuildFile; fileRef = A814B40324537F75002D1415 /* Assets.xcassets */; };
		A814B40724537F75002D1415 /* LaunchScreen.storyboard in Resources */ = {isa = PBXBuildFile; fileRef = A814B40524537F75002D1415 /* LaunchScreen.storyboard */; };
		A814B41D24537F75002D1415 /* EmployeeAdminUITests.swift in Sources */ = {isa = PBXBuildFile; fileRef = A814B41C24537F75002D1415 /* EmployeeAdminUITests.swift */; };
		A814B44724537FA8002D1415 /* StartupCommand.swift in Sources */ = {isa = PBXBuildFile; fileRef = A814B43124537FA8002D1415 /* StartupCommand.swift */; };
		A814B44824537FA8002D1415 /* PrepViewCommand.swift in Sources */ = {isa = PBXBuildFile; fileRef = A814B43224537FA8002D1415 /* PrepViewCommand.swift */; };
		A814B44924537FA8002D1415 /* PrepModelCommand.swift in Sources */ = {isa = PBXBuildFile; fileRef = A814B43324537FA8002D1415 /* PrepModelCommand.swift */; };
		A814B44A24537FA8002D1415 /* RegisterCommand.swift in Sources */ = {isa = PBXBuildFile; fileRef = A814B43424537FA8002D1415 /* RegisterCommand.swift */; };
		A814B44B24537FA8002D1415 /* ApplicationFacade.swift in Sources */ = {isa = PBXBuildFile; fileRef = A814B43524537FA8002D1415 /* ApplicationFacade.swift */; };
		A814B44C24537FA8002D1415 /* RoleVO.swift in Sources */ = {isa = PBXBuildFile; fileRef = A814B43824537FA8002D1415 /* RoleVO.swift */; };
		A814B44D24537FA8002D1415 /* UserVO.swift in Sources */ = {isa = PBXBuildFile; fileRef = A814B43924537FA8002D1415 /* UserVO.swift */; };
		A814B44E24537FA8002D1415 /* RoleEnum.swift in Sources */ = {isa = PBXBuildFile; fileRef = A814B43B24537FA8002D1415 /* RoleEnum.swift */; };
		A814B44F24537FA8002D1415 /* DeptEnum.swift in Sources */ = {isa = PBXBuildFile; fileRef = A814B43C24537FA8002D1415 /* DeptEnum.swift */; };
		A814B45024537FA8002D1415 /* UserProxy.swift in Sources */ = {isa = PBXBuildFile; fileRef = A814B43D24537FA8002D1415 /* UserProxy.swift */; };
		A814B45124537FA8002D1415 /* RoleProxy.swift in Sources */ = {isa = PBXBuildFile; fileRef = A814B43E24537FA8002D1415 /* RoleProxy.swift */; };
		A814B45224537FA8002D1415 /* ApplicationMediator.swift in Sources */ = {isa = PBXBuildFile; fileRef = A814B44024537FA8002D1415 /* ApplicationMediator.swift */; };
		A814B45324537FA8002D1415 /* EmployeeAdminMediator.swift in Sources */ = {isa = PBXBuildFile; fileRef = A814B44124537FA8002D1415 /* EmployeeAdminMediator.swift */; };
		A814B45424537FA8002D1415 /* UserRole.swift in Sources */ = {isa = PBXBuildFile; fileRef = A814B44324537FA8002D1415 /* UserRole.swift */; };
		A814B45524537FA8002D1415 /* UserList.swift in Sources */ = {isa = PBXBuildFile; fileRef = A814B44424537FA8002D1415 /* UserList.swift */; };
		A814B45624537FA8002D1415 /* UserForm.swift in Sources */ = {isa = PBXBuildFile; fileRef = A814B44524537FA8002D1415 /* UserForm.swift */; };
		A814B45724537FA8002D1415 /* AppDelegate.swift in Sources */ = {isa = PBXBuildFile; fileRef = A814B44624537FA8002D1415 /* AppDelegate.swift */; };
		A814B45924538060002D1415 /* SceneDelegate.swift in Sources */ = {isa = PBXBuildFile; fileRef = A814B45824538060002D1415 /* SceneDelegate.swift */; };
		A814B46324538080002D1415 /* RoleProxyTest.swift in Sources */ = {isa = PBXBuildFile; fileRef = A814B46124538080002D1415 /* RoleProxyTest.swift */; };
		A814B46424538080002D1415 /* UserProxyTest.swift in Sources */ = {isa = PBXBuildFile; fileRef = A814B46224538080002D1415 /* UserProxyTest.swift */; };
		A814B467245380B5002D1415 /* PureMVC in Frameworks */ = {isa = PBXBuildFile; productRef = A814B466245380B5002D1415 /* PureMVC */; };
		A814B46924538142002D1415 /* SceneMediator.swift in Sources */ = {isa = PBXBuildFile; fileRef = A814B46824538142002D1415 /* SceneMediator.swift */; };
/* End PBXBuildFile section */

/* Begin PBXContainerItemProxy section */
		A814B40E24537F75002D1415 /* PBXContainerItemProxy */ = {
			isa = PBXContainerItemProxy;
			containerPortal = A814B3EF24537F73002D1415 /* Project object */;
			proxyType = 1;
			remoteGlobalIDString = A814B3F624537F73002D1415;
			remoteInfo = EmployeeAdmin;
		};
		A814B41924537F75002D1415 /* PBXContainerItemProxy */ = {
			isa = PBXContainerItemProxy;
			containerPortal = A814B3EF24537F73002D1415 /* Project object */;
			proxyType = 1;
			remoteGlobalIDString = A814B3F624537F73002D1415;
			remoteInfo = EmployeeAdmin;
		};
/* End PBXContainerItemProxy section */

/* Begin PBXFileReference section */
		A814B3F724537F73002D1415 /* EmployeeAdmin.app */ = {isa = PBXFileReference; explicitFileType = wrapper.application; includeInIndex = 0; path = EmployeeAdmin.app; sourceTree = BUILT_PRODUCTS_DIR; };
		A814B40124537F73002D1415 /* Base */ = {isa = PBXFileReference; lastKnownFileType = file.storyboard; name = Base; path = Base.lproj/Main.storyboard; sourceTree = "<group>"; };
		A814B40324537F75002D1415 /* Assets.xcassets */ = {isa = PBXFileReference; lastKnownFileType = folder.assetcatalog; path = Assets.xcassets; sourceTree = "<group>"; };
		A814B40624537F75002D1415 /* Base */ = {isa = PBXFileReference; lastKnownFileType = file.storyboard; name = Base; path = Base.lproj/LaunchScreen.storyboard; sourceTree = "<group>"; };
		A814B40824537F75002D1415 /* Info.plist */ = {isa = PBXFileReference; lastKnownFileType = text.plist.xml; path = Info.plist; sourceTree = "<group>"; };
		A814B40D24537F75002D1415 /* EmployeeAdminTests.xctest */ = {isa = PBXFileReference; explicitFileType = wrapper.cfbundle; includeInIndex = 0; path = EmployeeAdminTests.xctest; sourceTree = BUILT_PRODUCTS_DIR; };
		A814B41324537F75002D1415 /* Info.plist */ = {isa = PBXFileReference; lastKnownFileType = text.plist.xml; path = Info.plist; sourceTree = "<group>"; };
		A814B41824537F75002D1415 /* EmployeeAdminUITests.xctest */ = {isa = PBXFileReference; explicitFileType = wrapper.cfbundle; includeInIndex = 0; path = EmployeeAdminUITests.xctest; sourceTree = BUILT_PRODUCTS_DIR; };
		A814B41C24537F75002D1415 /* EmployeeAdminUITests.swift */ = {isa = PBXFileReference; lastKnownFileType = sourcecode.swift; path = EmployeeAdminUITests.swift; sourceTree = "<group>"; };
		A814B41E24537F75002D1415 /* Info.plist */ = {isa = PBXFileReference; lastKnownFileType = text.plist.xml; path = Info.plist; sourceTree = "<group>"; };
		A814B43124537FA8002D1415 /* StartupCommand.swift */ = {isa = PBXFileReference; fileEncoding = 4; lastKnownFileType = sourcecode.swift; path = StartupCommand.swift; sourceTree = "<group>"; };
		A814B43224537FA8002D1415 /* PrepViewCommand.swift */ = {isa = PBXFileReference; fileEncoding = 4; lastKnownFileType = sourcecode.swift; path = PrepViewCommand.swift; sourceTree = "<group>"; };
		A814B43324537FA8002D1415 /* PrepModelCommand.swift */ = {isa = PBXFileReference; fileEncoding = 4; lastKnownFileType = sourcecode.swift; path = PrepModelCommand.swift; sourceTree = "<group>"; };
		A814B43424537FA8002D1415 /* RegisterCommand.swift */ = {isa = PBXFileReference; fileEncoding = 4; lastKnownFileType = sourcecode.swift; path = RegisterCommand.swift; sourceTree = "<group>"; };
		A814B43524537FA8002D1415 /* ApplicationFacade.swift */ = {isa = PBXFileReference; fileEncoding = 4; lastKnownFileType = sourcecode.swift; path = ApplicationFacade.swift; sourceTree = "<group>"; };
		A814B43824537FA8002D1415 /* RoleVO.swift */ = {isa = PBXFileReference; fileEncoding = 4; lastKnownFileType = sourcecode.swift; path = RoleVO.swift; sourceTree = "<group>"; };
		A814B43924537FA8002D1415 /* UserVO.swift */ = {isa = PBXFileReference; fileEncoding = 4; lastKnownFileType = sourcecode.swift; path = UserVO.swift; sourceTree = "<group>"; };
		A814B43B24537FA8002D1415 /* RoleEnum.swift */ = {isa = PBXFileReference; fileEncoding = 4; lastKnownFileType = sourcecode.swift; path = RoleEnum.swift; sourceTree = "<group>"; };
		A814B43C24537FA8002D1415 /* DeptEnum.swift */ = {isa = PBXFileReference; fileEncoding = 4; lastKnownFileType = sourcecode.swift; path = DeptEnum.swift; sourceTree = "<group>"; };
		A814B43D24537FA8002D1415 /* UserProxy.swift */ = {isa = PBXFileReference; fileEncoding = 4; lastKnownFileType = sourcecode.swift; path = UserProxy.swift; sourceTree = "<group>"; };
		A814B43E24537FA8002D1415 /* RoleProxy.swift */ = {isa = PBXFileReference; fileEncoding = 4; lastKnownFileType = sourcecode.swift; path = RoleProxy.swift; sourceTree = "<group>"; };
		A814B44024537FA8002D1415 /* ApplicationMediator.swift */ = {isa = PBXFileReference; fileEncoding = 4; lastKnownFileType = sourcecode.swift; path = ApplicationMediator.swift; sourceTree = "<group>"; };
		A814B44124537FA8002D1415 /* EmployeeAdminMediator.swift */ = {isa = PBXFileReference; fileEncoding = 4; lastKnownFileType = sourcecode.swift; path = EmployeeAdminMediator.swift; sourceTree = "<group>"; };
		A814B44324537FA8002D1415 /* UserRole.swift */ = {isa = PBXFileReference; fileEncoding = 4; lastKnownFileType = sourcecode.swift; path = UserRole.swift; sourceTree = "<group>"; };
		A814B44424537FA8002D1415 /* UserList.swift */ = {isa = PBXFileReference; fileEncoding = 4; lastKnownFileType = sourcecode.swift; path = UserList.swift; sourceTree = "<group>"; };
		A814B44524537FA8002D1415 /* UserForm.swift */ = {isa = PBXFileReference; fileEncoding = 4; lastKnownFileType = sourcecode.swift; path = UserForm.swift; sourceTree = "<group>"; };
		A814B44624537FA8002D1415 /* AppDelegate.swift */ = {isa = PBXFileReference; fileEncoding = 4; lastKnownFileType = sourcecode.swift; path = AppDelegate.swift; sourceTree = "<group>"; };
		A814B45824538060002D1415 /* SceneDelegate.swift */ = {isa = PBXFileReference; fileEncoding = 4; lastKnownFileType = sourcecode.swift; path = SceneDelegate.swift; sourceTree = "<group>"; };
		A814B46124538080002D1415 /* RoleProxyTest.swift */ = {isa = PBXFileReference; fileEncoding = 4; lastKnownFileType = sourcecode.swift; path = RoleProxyTest.swift; sourceTree = "<group>"; };
		A814B46224538080002D1415 /* UserProxyTest.swift */ = {isa = PBXFileReference; fileEncoding = 4; lastKnownFileType = sourcecode.swift; path = UserProxyTest.swift; sourceTree = "<group>"; };
		A814B46824538142002D1415 /* SceneMediator.swift */ = {isa = PBXFileReference; fileEncoding = 4; lastKnownFileType = sourcecode.swift; path = SceneMediator.swift; sourceTree = "<group>"; };
/* End PBXFileReference section */

/* Begin PBXFrameworksBuildPhase section */
		A814B3F424537F73002D1415 /* Frameworks */ = {
			isa = PBXFrameworksBuildPhase;
			buildActionMask = 2147483647;
			files = (
				A814B467245380B5002D1415 /* PureMVC in Frameworks */,
			);
			runOnlyForDeploymentPostprocessing = 0;
		};
		A814B40A24537F75002D1415 /* Frameworks */ = {
			isa = PBXFrameworksBuildPhase;
			buildActionMask = 2147483647;
			files = (
			);
			runOnlyForDeploymentPostprocessing = 0;
		};
		A814B41524537F75002D1415 /* Frameworks */ = {
			isa = PBXFrameworksBuildPhase;
			buildActionMask = 2147483647;
			files = (
			);
			runOnlyForDeploymentPostprocessing = 0;
		};
/* End PBXFrameworksBuildPhase section */

/* Begin PBXGroup section */
		A814B3EE24537F73002D1415 = {
			isa = PBXGroup;
			children = (
				A814B3F924537F73002D1415 /* EmployeeAdmin */,
				A814B41024537F75002D1415 /* EmployeeAdminTests */,
				A814B41B24537F75002D1415 /* EmployeeAdminUITests */,
				A814B3F824537F73002D1415 /* Products */,
			);
			sourceTree = "<group>";
		};
		A814B3F824537F73002D1415 /* Products */ = {
			isa = PBXGroup;
			children = (
				A814B3F724537F73002D1415 /* EmployeeAdmin.app */,
				A814B40D24537F75002D1415 /* EmployeeAdminTests.xctest */,
				A814B41824537F75002D1415 /* EmployeeAdminUITests.xctest */,
			);
			name = Products;
			sourceTree = "<group>";
		};
		A814B3F924537F73002D1415 /* EmployeeAdmin */ = {
			isa = PBXGroup;
			children = (
				A814B42A24537FA8002D1415 /* org */,
				A814B40024537F73002D1415 /* Main.storyboard */,
				A814B40324537F75002D1415 /* Assets.xcassets */,
				A814B40524537F75002D1415 /* LaunchScreen.storyboard */,
				A814B40824537F75002D1415 /* Info.plist */,
			);
			path = EmployeeAdmin;
			sourceTree = "<group>";
		};
		A814B41024537F75002D1415 /* EmployeeAdminTests */ = {
			isa = PBXGroup;
			children = (
				A814B45A24538080002D1415 /* org */,
				A814B41324537F75002D1415 /* Info.plist */,
			);
			path = EmployeeAdminTests;
			sourceTree = "<group>";
		};
		A814B41B24537F75002D1415 /* EmployeeAdminUITests */ = {
			isa = PBXGroup;
			children = (
				A814B41C24537F75002D1415 /* EmployeeAdminUITests.swift */,
				A814B41E24537F75002D1415 /* Info.plist */,
			);
			path = EmployeeAdminUITests;
			sourceTree = "<group>";
		};
		A814B42A24537FA8002D1415 /* org */ = {
			isa = PBXGroup;
			children = (
				A814B42B24537FA8002D1415 /* puremvc */,
			);
			path = org;
			sourceTree = "<group>";
		};
		A814B42B24537FA8002D1415 /* puremvc */ = {
			isa = PBXGroup;
			children = (
				A814B42C24537FA8002D1415 /* swift */,
			);
			path = puremvc;
			sourceTree = "<group>";
		};
		A814B42C24537FA8002D1415 /* swift */ = {
			isa = PBXGroup;
			children = (
				A814B42D24537FA8002D1415 /* demos */,
			);
			path = swift;
			sourceTree = "<group>";
		};
		A814B42D24537FA8002D1415 /* demos */ = {
			isa = PBXGroup;
			children = (
				A814B42E24537FA8002D1415 /* uikit */,
			);
			path = demos;
			sourceTree = "<group>";
		};
		A814B42E24537FA8002D1415 /* uikit */ = {
			isa = PBXGroup;
			children = (
				A814B42F24537FA8002D1415 /* employeeadmin */,
			);
			path = uikit;
			sourceTree = "<group>";
		};
		A814B42F24537FA8002D1415 /* employeeadmin */ = {
			isa = PBXGroup;
			children = (
				A814B43024537FA8002D1415 /* controller */,
				A814B43624537FA8002D1415 /* model */,
				A814B43F24537FA8002D1415 /* view */,
				A814B44624537FA8002D1415 /* AppDelegate.swift */,
				A814B45824538060002D1415 /* SceneDelegate.swift */,
				A814B43524537FA8002D1415 /* ApplicationFacade.swift */,
			);
			path = employeeadmin;
			sourceTree = "<group>";
		};
		A814B43024537FA8002D1415 /* controller */ = {
			isa = PBXGroup;
			children = (
				A814B43124537FA8002D1415 /* StartupCommand.swift */,
				A814B43224537FA8002D1415 /* PrepViewCommand.swift */,
				A814B43324537FA8002D1415 /* PrepModelCommand.swift */,
				A814B43424537FA8002D1415 /* RegisterCommand.swift */,
			);
			path = controller;
			sourceTree = "<group>";
		};
		A814B43624537FA8002D1415 /* model */ = {
			isa = PBXGroup;
			children = (
				A814B43724537FA8002D1415 /* vo */,
				A814B43A24537FA8002D1415 /* enum */,
				A814B43D24537FA8002D1415 /* UserProxy.swift */,
				A814B43E24537FA8002D1415 /* RoleProxy.swift */,
			);
			path = model;
			sourceTree = "<group>";
		};
		A814B43724537FA8002D1415 /* vo */ = {
			isa = PBXGroup;
			children = (
				A814B43824537FA8002D1415 /* RoleVO.swift */,
				A814B43924537FA8002D1415 /* UserVO.swift */,
			);
			path = vo;
			sourceTree = "<group>";
		};
		A814B43A24537FA8002D1415 /* enum */ = {
			isa = PBXGroup;
			children = (
				A814B43B24537FA8002D1415 /* RoleEnum.swift */,
				A814B43C24537FA8002D1415 /* DeptEnum.swift */,
			);
			path = enum;
			sourceTree = "<group>";
		};
		A814B43F24537FA8002D1415 /* view */ = {
			isa = PBXGroup;
			children = (
				A814B44224537FA8002D1415 /* components */,
				A814B44024537FA8002D1415 /* ApplicationMediator.swift */,
				A814B46824538142002D1415 /* SceneMediator.swift */,
				A814B44124537FA8002D1415 /* EmployeeAdminMediator.swift */,
			);
			path = view;
			sourceTree = "<group>";
		};
		A814B44224537FA8002D1415 /* components */ = {
			isa = PBXGroup;
			children = (
				A814B44324537FA8002D1415 /* UserRole.swift */,
				A814B44424537FA8002D1415 /* UserList.swift */,
				A814B44524537FA8002D1415 /* UserForm.swift */,
			);
			path = components;
			sourceTree = "<group>";
		};
		A814B45A24538080002D1415 /* org */ = {
			isa = PBXGroup;
			children = (
				A814B45B24538080002D1415 /* puremvc */,
			);
			path = org;
			sourceTree = "<group>";
		};
		A814B45B24538080002D1415 /* puremvc */ = {
			isa = PBXGroup;
			children = (
				A814B45C24538080002D1415 /* swift */,
			);
			path = puremvc;
			sourceTree = "<group>";
		};
		A814B45C24538080002D1415 /* swift */ = {
			isa = PBXGroup;
			children = (
				A814B45D24538080002D1415 /* demos */,
			);
			path = swift;
			sourceTree = "<group>";
		};
		A814B45D24538080002D1415 /* demos */ = {
			isa = PBXGroup;
			children = (
				A814B45E24538080002D1415 /* uikit */,
			);
			path = demos;
			sourceTree = "<group>";
		};
		A814B45E24538080002D1415 /* uikit */ = {
			isa = PBXGroup;
			children = (
				A814B45F24538080002D1415 /* employeeadmin */,
			);
			path = uikit;
			sourceTree = "<group>";
		};
		A814B45F24538080002D1415 /* employeeadmin */ = {
			isa = PBXGroup;
			children = (
				A814B46024538080002D1415 /* model */,
			);
			path = employeeadmin;
			sourceTree = "<group>";
		};
		A814B46024538080002D1415 /* model */ = {
			isa = PBXGroup;
			children = (
				A814B46124538080002D1415 /* RoleProxyTest.swift */,
				A814B46224538080002D1415 /* UserProxyTest.swift */,
			);
			path = model;
			sourceTree = "<group>";
		};
/* End PBXGroup section */

/* Begin PBXNativeTarget section */
		A814B3F624537F73002D1415 /* EmployeeAdmin */ = {
			isa = PBXNativeTarget;
			buildConfigurationList = A814B42124537F75002D1415 /* Build configuration list for PBXNativeTarget "EmployeeAdmin" */;
			buildPhases = (
				A814B3F324537F73002D1415 /* Sources */,
				A814B3F424537F73002D1415 /* Frameworks */,
				A814B3F524537F73002D1415 /* Resources */,
			);
			buildRules = (
			);
			dependencies = (
			);
			name = EmployeeAdmin;
			packageProductDependencies = (
				A814B466245380B5002D1415 /* PureMVC */,
			);
			productName = EmployeeAdmin;
			productReference = A814B3F724537F73002D1415 /* EmployeeAdmin.app */;
			productType = "com.apple.product-type.application";
		};
		A814B40C24537F75002D1415 /* EmployeeAdminTests */ = {
			isa = PBXNativeTarget;
			buildConfigurationList = A814B42424537F75002D1415 /* Build configuration list for PBXNativeTarget "EmployeeAdminTests" */;
			buildPhases = (
				A814B40924537F75002D1415 /* Sources */,
				A814B40A24537F75002D1415 /* Frameworks */,
				A814B40B24537F75002D1415 /* Resources */,
			);
			buildRules = (
			);
			dependencies = (
				A814B40F24537F75002D1415 /* PBXTargetDependency */,
			);
			name = EmployeeAdminTests;
			productName = EmployeeAdminTests;
			productReference = A814B40D24537F75002D1415 /* EmployeeAdminTests.xctest */;
			productType = "com.apple.product-type.bundle.unit-test";
		};
		A814B41724537F75002D1415 /* EmployeeAdminUITests */ = {
			isa = PBXNativeTarget;
			buildConfigurationList = A814B42724537F75002D1415 /* Build configuration list for PBXNativeTarget "EmployeeAdminUITests" */;
			buildPhases = (
				A814B41424537F75002D1415 /* Sources */,
				A814B41524537F75002D1415 /* Frameworks */,
				A814B41624537F75002D1415 /* Resources */,
			);
			buildRules = (
			);
			dependencies = (
				A814B41A24537F75002D1415 /* PBXTargetDependency */,
			);
			name = EmployeeAdminUITests;
			productName = EmployeeAdminUITests;
			productReference = A814B41824537F75002D1415 /* EmployeeAdminUITests.xctest */;
			productType = "com.apple.product-type.bundle.ui-testing";
		};
/* End PBXNativeTarget section */

/* Begin PBXProject section */
		A814B3EF24537F73002D1415 /* Project object */ = {
			isa = PBXProject;
			attributes = {
				LastSwiftUpdateCheck = 1140;
				LastUpgradeCheck = 1140;
				ORGANIZATIONNAME = "Saad Shams";
				TargetAttributes = {
					A814B3F624537F73002D1415 = {
						CreatedOnToolsVersion = 11.4.1;
					};
					A814B40C24537F75002D1415 = {
						CreatedOnToolsVersion = 11.4.1;
						TestTargetID = A814B3F624537F73002D1415;
					};
					A814B41724537F75002D1415 = {
						CreatedOnToolsVersion = 11.4.1;
						TestTargetID = A814B3F624537F73002D1415;
					};
				};
			};
			buildConfigurationList = A814B3F224537F73002D1415 /* Build configuration list for PBXProject "EmployeeAdmin" */;
			compatibilityVersion = "Xcode 9.3";
			developmentRegion = en;
			hasScannedForEncodings = 0;
			knownRegions = (
				en,
				Base,
			);
			mainGroup = A814B3EE24537F73002D1415;
			packageReferences = (
				A814B465245380B5002D1415 /* XCRemoteSwiftPackageReference "puremvc-swift-multicore-framework" */,
			);
			productRefGroup = A814B3F824537F73002D1415 /* Products */;
			projectDirPath = "";
			projectRoot = "";
			targets = (
				A814B3F624537F73002D1415 /* EmployeeAdmin */,
				A814B40C24537F75002D1415 /* EmployeeAdminTests */,
				A814B41724537F75002D1415 /* EmployeeAdminUITests */,
			);
		};
/* End PBXProject section */

/* Begin PBXResourcesBuildPhase section */
		A814B3F524537F73002D1415 /* Resources */ = {
			isa = PBXResourcesBuildPhase;
			buildActionMask = 2147483647;
			files = (
				A814B40724537F75002D1415 /* LaunchScreen.storyboard in Resources */,
				A814B40424537F75002D1415 /* Assets.xcassets in Resources */,
				A814B40224537F73002D1415 /* Main.storyboard in Resources */,
			);
			runOnlyForDeploymentPostprocessing = 0;
		};
		A814B40B24537F75002D1415 /* Resources */ = {
			isa = PBXResourcesBuildPhase;
			buildActionMask = 2147483647;
			files = (
			);
			runOnlyForDeploymentPostprocessing = 0;
		};
		A814B41624537F75002D1415 /* Resources */ = {
			isa = PBXResourcesBuildPhase;
			buildActionMask = 2147483647;
			files = (
			);
			runOnlyForDeploymentPostprocessing = 0;
		};
/* End PBXResourcesBuildPhase section */

/* Begin PBXSourcesBuildPhase section */
		A814B3F324537F73002D1415 /* Sources */ = {
			isa = PBXSourcesBuildPhase;
			buildActionMask = 2147483647;
			files = (
				A814B44C24537FA8002D1415 /* RoleVO.swift in Sources */,
				A814B45024537FA8002D1415 /* UserProxy.swift in Sources */,
				A814B45224537FA8002D1415 /* ApplicationMediator.swift in Sources */,
				A814B45424537FA8002D1415 /* UserRole.swift in Sources */,
				A814B44D24537FA8002D1415 /* UserVO.swift in Sources */,
				A814B45324537FA8002D1415 /* EmployeeAdminMediator.swift in Sources */,
				A814B44924537FA8002D1415 /* PrepModelCommand.swift in Sources */,
				A814B45724537FA8002D1415 /* AppDelegate.swift in Sources */,
				A814B44B24537FA8002D1415 /* ApplicationFacade.swift in Sources */,
				A814B44724537FA8002D1415 /* StartupCommand.swift in Sources */,
				A814B45624537FA8002D1415 /* UserForm.swift in Sources */,
				A814B45924538060002D1415 /* SceneDelegate.swift in Sources */,
				A814B45524537FA8002D1415 /* UserList.swift in Sources */,
				A814B45124537FA8002D1415 /* RoleProxy.swift in Sources */,
				A814B44E24537FA8002D1415 /* RoleEnum.swift in Sources */,
				A814B46924538142002D1415 /* SceneMediator.swift in Sources */,
				A814B44A24537FA8002D1415 /* RegisterCommand.swift in Sources */,
				A814B44824537FA8002D1415 /* PrepViewCommand.swift in Sources */,
				A814B44F24537FA8002D1415 /* DeptEnum.swift in Sources */,
			);
			runOnlyForDeploymentPostprocessing = 0;
		};
		A814B40924537F75002D1415 /* Sources */ = {
			isa = PBXSourcesBuildPhase;
			buildActionMask = 2147483647;
			files = (
				A814B46324538080002D1415 /* RoleProxyTest.swift in Sources */,
				A814B46424538080002D1415 /* UserProxyTest.swift in Sources */,
			);
			runOnlyForDeploymentPostprocessing = 0;
		};
		A814B41424537F75002D1415 /* Sources */ = {
			isa = PBXSourcesBuildPhase;
			buildActionMask = 2147483647;
			files = (
				A814B41D24537F75002D1415 /* EmployeeAdminUITests.swift in Sources */,
			);
			runOnlyForDeploymentPostprocessing = 0;
		};
/* End PBXSourcesBuildPhase section */

/* Begin PBXTargetDependency section */
		A814B40F24537F75002D1415 /* PBXTargetDependency */ = {
			isa = PBXTargetDependency;
			target = A814B3F624537F73002D1415 /* EmployeeAdmin */;
			targetProxy = A814B40E24537F75002D1415 /* PBXContainerItemProxy */;
		};
		A814B41A24537F75002D1415 /* PBXTargetDependency */ = {
			isa = PBXTargetDependency;
			target = A814B3F624537F73002D1415 /* EmployeeAdmin */;
			targetProxy = A814B41924537F75002D1415 /* PBXContainerItemProxy */;
		};
/* End PBXTargetDependency section */

/* Begin PBXVariantGroup section */
		A814B40024537F73002D1415 /* Main.storyboard */ = {
			isa = PBXVariantGroup;
			children = (
				A814B40124537F73002D1415 /* Base */,
			);
			name = Main.storyboard;
			sourceTree = "<group>";
		};
		A814B40524537F75002D1415 /* LaunchScreen.storyboard */ = {
			isa = PBXVariantGroup;
			children = (
				A814B40624537F75002D1415 /* Base */,
			);
			name = LaunchScreen.storyboard;
			sourceTree = "<group>";
		};
/* End PBXVariantGroup section */

/* Begin XCBuildConfiguration section */
		A814B41F24537F75002D1415 /* Debug */ = {
			isa = XCBuildConfiguration;
			buildSettings = {
				ALWAYS_SEARCH_USER_PATHS = NO;
				CLANG_ANALYZER_NONNULL = YES;
				CLANG_ANALYZER_NUMBER_OBJECT_CONVERSION = YES_AGGRESSIVE;
				CLANG_CXX_LANGUAGE_STANDARD = "gnu++14";
				CLANG_CXX_LIBRARY = "libc++";
				CLANG_ENABLE_MODULES = YES;
				CLANG_ENABLE_OBJC_ARC = YES;
				CLANG_ENABLE_OBJC_WEAK = YES;
				CLANG_WARN_BLOCK_CAPTURE_AUTORELEASING = YES;
				CLANG_WARN_BOOL_CONVERSION = YES;
				CLANG_WARN_COMMA = YES;
				CLANG_WARN_CONSTANT_CONVERSION = YES;
				CLANG_WARN_DEPRECATED_OBJC_IMPLEMENTATIONS = YES;
				CLANG_WARN_DIRECT_OBJC_ISA_USAGE = YES_ERROR;
				CLANG_WARN_DOCUMENTATION_COMMENTS = YES;
				CLANG_WARN_EMPTY_BODY = YES;
				CLANG_WARN_ENUM_CONVERSION = YES;
				CLANG_WARN_INFINITE_RECURSION = YES;
				CLANG_WARN_INT_CONVERSION = YES;
				CLANG_WARN_NON_LITERAL_NULL_CONVERSION = YES;
				CLANG_WARN_OBJC_IMPLICIT_RETAIN_SELF = YES;
				CLANG_WARN_OBJC_LITERAL_CONVERSION = YES;
				CLANG_WARN_OBJC_ROOT_CLASS = YES_ERROR;
				CLANG_WARN_RANGE_LOOP_ANALYSIS = YES;
				CLANG_WARN_STRICT_PROTOTYPES = YES;
				CLANG_WARN_SUSPICIOUS_MOVE = YES;
				CLANG_WARN_UNGUARDED_AVAILABILITY = YES_AGGRESSIVE;
				CLANG_WARN_UNREACHABLE_CODE = YES;
				CLANG_WARN__DUPLICATE_METHOD_MATCH = YES;
				COPY_PHASE_STRIP = NO;
				DEBUG_INFORMATION_FORMAT = dwarf;
				ENABLE_STRICT_OBJC_MSGSEND = YES;
				ENABLE_TESTABILITY = YES;
				GCC_C_LANGUAGE_STANDARD = gnu11;
				GCC_DYNAMIC_NO_PIC = NO;
				GCC_NO_COMMON_BLOCKS = YES;
				GCC_OPTIMIZATION_LEVEL = 0;
				GCC_PREPROCESSOR_DEFINITIONS = (
					"DEBUG=1",
					"$(inherited)",
				);
				GCC_WARN_64_TO_32_BIT_CONVERSION = YES;
				GCC_WARN_ABOUT_RETURN_TYPE = YES_ERROR;
				GCC_WARN_UNDECLARED_SELECTOR = YES;
				GCC_WARN_UNINITIALIZED_AUTOS = YES_AGGRESSIVE;
				GCC_WARN_UNUSED_FUNCTION = YES;
				GCC_WARN_UNUSED_VARIABLE = YES;
				IPHONEOS_DEPLOYMENT_TARGET = 13.4;
				MTL_ENABLE_DEBUG_INFO = INCLUDE_SOURCE;
				MTL_FAST_MATH = YES;
				ONLY_ACTIVE_ARCH = YES;
				SDKROOT = iphoneos;
				SWIFT_ACTIVE_COMPILATION_CONDITIONS = DEBUG;
				SWIFT_OPTIMIZATION_LEVEL = "-Onone";
			};
			name = Debug;
		};
		A814B42024537F75002D1415 /* Release */ = {
			isa = XCBuildConfiguration;
			buildSettings = {
				ALWAYS_SEARCH_USER_PATHS = NO;
				CLANG_ANALYZER_NONNULL = YES;
				CLANG_ANALYZER_NUMBER_OBJECT_CONVERSION = YES_AGGRESSIVE;
				CLANG_CXX_LANGUAGE_STANDARD = "gnu++14";
				CLANG_CXX_LIBRARY = "libc++";
				CLANG_ENABLE_MODULES = YES;
				CLANG_ENABLE_OBJC_ARC = YES;
				CLANG_ENABLE_OBJC_WEAK = YES;
				CLANG_WARN_BLOCK_CAPTURE_AUTORELEASING = YES;
				CLANG_WARN_BOOL_CONVERSION = YES;
				CLANG_WARN_COMMA = YES;
				CLANG_WARN_CONSTANT_CONVERSION = YES;
				CLANG_WARN_DEPRECATED_OBJC_IMPLEMENTATIONS = YES;
				CLANG_WARN_DIRECT_OBJC_ISA_USAGE = YES_ERROR;
				CLANG_WARN_DOCUMENTATION_COMMENTS = YES;
				CLANG_WARN_EMPTY_BODY = YES;
				CLANG_WARN_ENUM_CONVERSION = YES;
				CLANG_WARN_INFINITE_RECURSION = YES;
				CLANG_WARN_INT_CONVERSION = YES;
				CLANG_WARN_NON_LITERAL_NULL_CONVERSION = YES;
				CLANG_WARN_OBJC_IMPLICIT_RETAIN_SELF = YES;
				CLANG_WARN_OBJC_LITERAL_CONVERSION = YES;
				CLANG_WARN_OBJC_ROOT_CLASS = YES_ERROR;
				CLANG_WARN_RANGE_LOOP_ANALYSIS = YES;
				CLANG_WARN_STRICT_PROTOTYPES = YES;
				CLANG_WARN_SUSPICIOUS_MOVE = YES;
				CLANG_WARN_UNGUARDED_AVAILABILITY = YES_AGGRESSIVE;
				CLANG_WARN_UNREACHABLE_CODE = YES;
				CLANG_WARN__DUPLICATE_METHOD_MATCH = YES;
				COPY_PHASE_STRIP = NO;
				DEBUG_INFORMATION_FORMAT = "dwarf-with-dsym";
				ENABLE_NS_ASSERTIONS = NO;
				ENABLE_STRICT_OBJC_MSGSEND = YES;
				GCC_C_LANGUAGE_STANDARD = gnu11;
				GCC_NO_COMMON_BLOCKS = YES;
				GCC_WARN_64_TO_32_BIT_CONVERSION = YES;
				GCC_WARN_ABOUT_RETURN_TYPE = YES_ERROR;
				GCC_WARN_UNDECLARED_SELECTOR = YES;
				GCC_WARN_UNINITIALIZED_AUTOS = YES_AGGRESSIVE;
				GCC_WARN_UNUSED_FUNCTION = YES;
				GCC_WARN_UNUSED_VARIABLE = YES;
				IPHONEOS_DEPLOYMENT_TARGET = 13.4;
				MTL_ENABLE_DEBUG_INFO = NO;
				MTL_FAST_MATH = YES;
				SDKROOT = iphoneos;
				SWIFT_COMPILATION_MODE = wholemodule;
				SWIFT_OPTIMIZATION_LEVEL = "-O";
				VALIDATE_PRODUCT = YES;
			};
			name = Release;
		};
		A814B42224537F75002D1415 /* Debug */ = {
			isa = XCBuildConfiguration;
			buildSettings = {
				ASSETCATALOG_COMPILER_APPICON_NAME = AppIcon;
				CODE_SIGN_STYLE = Automatic;
				CURRENT_PROJECT_VERSION = 2;
				INFOPLIST_FILE = EmployeeAdmin/Info.plist;
				LD_RUNPATH_SEARCH_PATHS = (
					"$(inherited)",
					"@executable_path/Frameworks",
				);
				MARKETING_VERSION = 1.3.1;
				PRODUCT_BUNDLE_IDENTIFIER = org.puremvc.EmployeeAdmin;
				PRODUCT_NAME = "$(TARGET_NAME)";
				SWIFT_VERSION = 5.0;
				TARGETED_DEVICE_FAMILY = "1,2";
			};
			name = Debug;
		};
		A814B42324537F75002D1415 /* Release */ = {
			isa = XCBuildConfiguration;
			buildSettings = {
				ASSETCATALOG_COMPILER_APPICON_NAME = AppIcon;
				CODE_SIGN_STYLE = Automatic;
				CURRENT_PROJECT_VERSION = 2;
				INFOPLIST_FILE = EmployeeAdmin/Info.plist;
				LD_RUNPATH_SEARCH_PATHS = (
					"$(inherited)",
					"@executable_path/Frameworks",
				);
				MARKETING_VERSION = 1.3.1;
				PRODUCT_BUNDLE_IDENTIFIER = org.puremvc.EmployeeAdmin;
				PRODUCT_NAME = "$(TARGET_NAME)";
				SWIFT_VERSION = 5.0;
				TARGETED_DEVICE_FAMILY = "1,2";
			};
			name = Release;
		};
		A814B42524537F75002D1415 /* Debug */ = {
			isa = XCBuildConfiguration;
			buildSettings = {
				ALWAYS_EMBED_SWIFT_STANDARD_LIBRARIES = YES;
				BUNDLE_LOADER = "$(TEST_HOST)";
				CODE_SIGN_STYLE = Automatic;
				INFOPLIST_FILE = EmployeeAdminTests/Info.plist;
				IPHONEOS_DEPLOYMENT_TARGET = 13.4;
				LD_RUNPATH_SEARCH_PATHS = (
					"$(inherited)",
					"@executable_path/Frameworks",
					"@loader_path/Frameworks",
				);
				PRODUCT_BUNDLE_IDENTIFIER = org.puremvc.EmployeeAdminTests;
				PRODUCT_NAME = "$(TARGET_NAME)";
				SWIFT_VERSION = 5.0;
				TARGETED_DEVICE_FAMILY = "1,2";
				TEST_HOST = "$(BUILT_PRODUCTS_DIR)/EmployeeAdmin.app/EmployeeAdmin";
			};
			name = Debug;
		};
		A814B42624537F75002D1415 /* Release */ = {
			isa = XCBuildConfiguration;
			buildSettings = {
				ALWAYS_EMBED_SWIFT_STANDARD_LIBRARIES = YES;
				BUNDLE_LOADER = "$(TEST_HOST)";
				CODE_SIGN_STYLE = Automatic;
				INFOPLIST_FILE = EmployeeAdminTests/Info.plist;
				IPHONEOS_DEPLOYMENT_TARGET = 13.4;
				LD_RUNPATH_SEARCH_PATHS = (
					"$(inherited)",
					"@executable_path/Frameworks",
					"@loader_path/Frameworks",
				);
				PRODUCT_BUNDLE_IDENTIFIER = org.puremvc.EmployeeAdminTests;
				PRODUCT_NAME = "$(TARGET_NAME)";
				SWIFT_VERSION = 5.0;
				TARGETED_DEVICE_FAMILY = "1,2";
				TEST_HOST = "$(BUILT_PRODUCTS_DIR)/EmployeeAdmin.app/EmployeeAdmin";
			};
			name = Release;
		};
		A814B42824537F75002D1415 /* Debug */ = {
			isa = XCBuildConfiguration;
			buildSettings = {
				ALWAYS_EMBED_SWIFT_STANDARD_LIBRARIES = YES;
				CODE_SIGN_STYLE = Automatic;
				INFOPLIST_FILE = EmployeeAdminUITests/Info.plist;
				LD_RUNPATH_SEARCH_PATHS = (
					"$(inherited)",
					"@executable_path/Frameworks",
					"@loader_path/Frameworks",
				);
				PRODUCT_BUNDLE_IDENTIFIER = org.puremvc.EmployeeAdminUITests;
				PRODUCT_NAME = "$(TARGET_NAME)";
				SWIFT_VERSION = 5.0;
				TARGETED_DEVICE_FAMILY = "1,2";
				TEST_TARGET_NAME = EmployeeAdmin;
			};
			name = Debug;
		};
		A814B42924537F75002D1415 /* Release */ = {
			isa = XCBuildConfiguration;
			buildSettings = {
				ALWAYS_EMBED_SWIFT_STANDARD_LIBRARIES = YES;
				CODE_SIGN_STYLE = Automatic;
				INFOPLIST_FILE = EmployeeAdminUITests/Info.plist;
				LD_RUNPATH_SEARCH_PATHS = (
					"$(inherited)",
					"@executable_path/Frameworks",
					"@loader_path/Frameworks",
				);
				PRODUCT_BUNDLE_IDENTIFIER = org.puremvc.EmployeeAdminUITests;
				PRODUCT_NAME = "$(TARGET_NAME)";
				SWIFT_VERSION = 5.0;
				TARGETED_DEVICE_FAMILY = "1,2";
				TEST_TARGET_NAME = EmployeeAdmin;
			};
			name = Release;
		};
/* End XCBuildConfiguration section */

/* Begin XCConfigurationList section */
		A814B3F224537F73002D1415 /* Build configuration list for PBXProject "EmployeeAdmin" */ = {
			isa = XCConfigurationList;
			buildConfigurations = (
				A814B41F24537F75002D1415 /* Debug */,
				A814B42024537F75002D1415 /* Release */,
			);
			defaultConfigurationIsVisible = 0;
			defaultConfigurationName = Release;
		};
		A814B42124537F75002D1415 /* Build configuration list for PBXNativeTarget "EmployeeAdmin" */ = {
			isa = XCConfigurationList;
			buildConfigurations = (
				A814B42224537F75002D1415 /* Debug */,
				A814B42324537F75002D1415 /* Release */,
			);
			defaultConfigurationIsVisible = 0;
			defaultConfigurationName = Release;
		};
		A814B42424537F75002D1415 /* Build configuration list for PBXNativeTarget "EmployeeAdminTests" */ = {
			isa = XCConfigurationList;
			buildConfigurations = (
				A814B42524537F75002D1415 /* Debug */,
				A814B42624537F75002D1415 /* Release */,
			);
			defaultConfigurationIsVisible = 0;
			defaultConfigurationName = Release;
		};
		A814B42724537F75002D1415 /* Build configuration list for PBXNativeTarget "EmployeeAdminUITests" */ = {
			isa = XCConfigurationList;
			buildConfigurations = (
				A814B42824537F75002D1415 /* Debug */,
				A814B42924537F75002D1415 /* Release */,
			);
			defaultConfigurationIsVisible = 0;
			defaultConfigurationName = Release;
		};
/* End XCConfigurationList section */

/* Begin XCRemoteSwiftPackageReference section */
		A814B465245380B5002D1415 /* XCRemoteSwiftPackageReference "puremvc-swift-multicore-framework" */ = {
			isa = XCRemoteSwiftPackageReference;
			repositoryURL = "https://github.com/PureMVC/puremvc-swift-multicore-framework";
			requirement = {
				kind = upToNextMajorVersion;
				minimumVersion = 1.5.0;
			};
		};
/* End XCRemoteSwiftPackageReference section */

/* Begin XCSwiftPackageProductDependency section */
		A814B466245380B5002D1415 /* PureMVC */ = {
			isa = XCSwiftPackageProductDependency;
			package = A814B465245380B5002D1415 /* XCRemoteSwiftPackageReference "puremvc-swift-multicore-framework" */;
			productName = PureMVC;
		};
/* End XCSwiftPackageProductDependency section */
	};
	rootObject = A814B3EF24537F73002D1415 /* Project object */;
}
