// !$*UTF8*$!
{
	archiveVersion = 1;
	classes = {
	};
	objectVersion = 56;
	objects = {

/* Begin PBXBuildFile section */
		930923052B13EB80005E4DAB /* UserProxy.swift in Sources */ = {isa = PBXBuildFile; fileRef = 930923042B13EB80005E4DAB /* UserProxy.swift */; };
		930923072B13EBB5005E4DAB /* StartupCommand.swift in Sources */ = {isa = PBXBuildFile; fileRef = 930923062B13EBB5005E4DAB /* StartupCommand.swift */; };
		930923092B13F0A4005E4DAB /* RoleProxy.swift in Sources */ = {isa = PBXBuildFile; fileRef = 930923082B13F0A4005E4DAB /* RoleProxy.swift */; };
		9309230B2B14521F005E4DAB /* UserFormView.swift in Sources */ = {isa = PBXBuildFile; fileRef = 9309230A2B14521F005E4DAB /* UserFormView.swift */; };
		930923102B147E11005E4DAB /* UserFormViewModel.swift in Sources */ = {isa = PBXBuildFile; fileRef = 9309230F2B147E11005E4DAB /* UserFormViewModel.swift */; };
		93288EA72B13DB7800E63B07 /* EmployeeAdminApp.swift in Sources */ = {isa = PBXBuildFile; fileRef = 93288EA62B13DB7800E63B07 /* EmployeeAdminApp.swift */; };
		93288EAB2B13DB7A00E63B07 /* Assets.xcassets in Resources */ = {isa = PBXBuildFile; fileRef = 93288EAA2B13DB7A00E63B07 /* Assets.xcassets */; };
		93288EAE2B13DB7A00E63B07 /* Preview Assets.xcassets in Resources */ = {isa = PBXBuildFile; fileRef = 93288EAD2B13DB7A00E63B07 /* Preview Assets.xcassets */; };
		93288EB82B13DB7A00E63B07 /* EmployeeAdminTests.swift in Sources */ = {isa = PBXBuildFile; fileRef = 93288EB72B13DB7A00E63B07 /* EmployeeAdminTests.swift */; };
		93288EC22B13DB7A00E63B07 /* EmployeeAdminUITests.swift in Sources */ = {isa = PBXBuildFile; fileRef = 93288EC12B13DB7A00E63B07 /* EmployeeAdminUITests.swift */; };
		93288EC42B13DB7A00E63B07 /* EmployeeAdminUITestsLaunchTests.swift in Sources */ = {isa = PBXBuildFile; fileRef = 93288EC32B13DB7A00E63B07 /* EmployeeAdminUITestsLaunchTests.swift */; };
		93288ED52B13DD1500E63B07 /* UserListView.swift in Sources */ = {isa = PBXBuildFile; fileRef = 93288ED42B13DD1500E63B07 /* UserListView.swift */; };
		93288ED72B13E12400E63B07 /* UserListViewModel.swift in Sources */ = {isa = PBXBuildFile; fileRef = 93288ED62B13E12400E63B07 /* UserListViewModel.swift */; };
		93288EDA2B13E1AF00E63B07 /* User.swift in Sources */ = {isa = PBXBuildFile; fileRef = 93288ED92B13E1AF00E63B07 /* User.swift */; };
		93288EDC2B13E1E600E63B07 /* Department.swift in Sources */ = {isa = PBXBuildFile; fileRef = 93288EDB2B13E1E600E63B07 /* Department.swift */; };
		93288EDE2B13E20500E63B07 /* Role.swift in Sources */ = {isa = PBXBuildFile; fileRef = 93288EDD2B13E20500E63B07 /* Role.swift */; };
		93288EE02B13E2C700E63B07 /* ApplicationFacade.swift in Sources */ = {isa = PBXBuildFile; fileRef = 93288EDF2B13E2C700E63B07 /* ApplicationFacade.swift */; };
		93288EE32B13E31200E63B07 /* PureMVC in Frameworks */ = {isa = PBXBuildFile; productRef = 93288EE22B13E31200E63B07 /* PureMVC */; };
		93288EE52B13E37800E63B07 /* EmployeeAdminMediator.swift in Sources */ = {isa = PBXBuildFile; fileRef = 93288EE42B13E37800E63B07 /* EmployeeAdminMediator.swift */; };
		93288EE72B13E3B300E63B07 /* EmployeeAdminAppMediator.swift in Sources */ = {isa = PBXBuildFile; fileRef = 93288EE62B13E3B300E63B07 /* EmployeeAdminAppMediator.swift */; };
		932FCD7B2B16CF39008AC273 /* Exception.swift in Sources */ = {isa = PBXBuildFile; fileRef = 932FCD7A2B16CF39008AC273 /* Exception.swift */; };
		93BF9B932B1899F500A10426 /* UserRoleView.swift in Sources */ = {isa = PBXBuildFile; fileRef = 93BF9B922B1899F500A10426 /* UserRoleView.swift */; };
		93BF9B952B189AF900A10426 /* UserRoleViewModel.swift in Sources */ = {isa = PBXBuildFile; fileRef = 93BF9B942B189AF900A10426 /* UserRoleViewModel.swift */; };
/* End PBXBuildFile section */

/* Begin PBXContainerItemProxy section */
		93288EB42B13DB7A00E63B07 /* PBXContainerItemProxy */ = {
			isa = PBXContainerItemProxy;
			containerPortal = 93288E9B2B13DB7800E63B07 /* Project object */;
			proxyType = 1;
			remoteGlobalIDString = 93288EA22B13DB7800E63B07;
			remoteInfo = EmployeeAdmin;
		};
		93288EBE2B13DB7A00E63B07 /* PBXContainerItemProxy */ = {
			isa = PBXContainerItemProxy;
			containerPortal = 93288E9B2B13DB7800E63B07 /* Project object */;
			proxyType = 1;
			remoteGlobalIDString = 93288EA22B13DB7800E63B07;
			remoteInfo = EmployeeAdmin;
		};
/* End PBXContainerItemProxy section */

/* Begin PBXFileReference section */
		930923042B13EB80005E4DAB /* UserProxy.swift */ = {isa = PBXFileReference; lastKnownFileType = sourcecode.swift; path = UserProxy.swift; sourceTree = "<group>"; };
		930923062B13EBB5005E4DAB /* StartupCommand.swift */ = {isa = PBXFileReference; lastKnownFileType = sourcecode.swift; path = StartupCommand.swift; sourceTree = "<group>"; };
		930923082B13F0A4005E4DAB /* RoleProxy.swift */ = {isa = PBXFileReference; lastKnownFileType = sourcecode.swift; path = RoleProxy.swift; sourceTree = "<group>"; };
		9309230A2B14521F005E4DAB /* UserFormView.swift */ = {isa = PBXFileReference; lastKnownFileType = sourcecode.swift; path = UserFormView.swift; sourceTree = "<group>"; };
		9309230C2B1463D3005E4DAB /* Info.plist */ = {isa = PBXFileReference; lastKnownFileType = text.plist; path = Info.plist; sourceTree = "<group>"; };
		9309230F2B147E11005E4DAB /* UserFormViewModel.swift */ = {isa = PBXFileReference; lastKnownFileType = sourcecode.swift; path = UserFormViewModel.swift; sourceTree = "<group>"; };
		93288EA32B13DB7800E63B07 /* EmployeeAdmin.app */ = {isa = PBXFileReference; explicitFileType = wrapper.application; includeInIndex = 0; path = EmployeeAdmin.app; sourceTree = BUILT_PRODUCTS_DIR; };
		93288EA62B13DB7800E63B07 /* EmployeeAdminApp.swift */ = {isa = PBXFileReference; lastKnownFileType = sourcecode.swift; path = EmployeeAdminApp.swift; sourceTree = "<group>"; };
		93288EAA2B13DB7A00E63B07 /* Assets.xcassets */ = {isa = PBXFileReference; lastKnownFileType = folder.assetcatalog; path = Assets.xcassets; sourceTree = "<group>"; };
		93288EAD2B13DB7A00E63B07 /* Preview Assets.xcassets */ = {isa = PBXFileReference; lastKnownFileType = folder.assetcatalog; path = "Preview Assets.xcassets"; sourceTree = "<group>"; };
		93288EB32B13DB7A00E63B07 /* EmployeeAdminTests.xctest */ = {isa = PBXFileReference; explicitFileType = wrapper.cfbundle; includeInIndex = 0; path = EmployeeAdminTests.xctest; sourceTree = BUILT_PRODUCTS_DIR; };
		93288EB72B13DB7A00E63B07 /* EmployeeAdminTests.swift */ = {isa = PBXFileReference; lastKnownFileType = sourcecode.swift; path = EmployeeAdminTests.swift; sourceTree = "<group>"; };
		93288EBD2B13DB7A00E63B07 /* EmployeeAdminUITests.xctest */ = {isa = PBXFileReference; explicitFileType = wrapper.cfbundle; includeInIndex = 0; path = EmployeeAdminUITests.xctest; sourceTree = BUILT_PRODUCTS_DIR; };
		93288EC12B13DB7A00E63B07 /* EmployeeAdminUITests.swift */ = {isa = PBXFileReference; lastKnownFileType = sourcecode.swift; path = EmployeeAdminUITests.swift; sourceTree = "<group>"; };
		93288EC32B13DB7A00E63B07 /* EmployeeAdminUITestsLaunchTests.swift */ = {isa = PBXFileReference; lastKnownFileType = sourcecode.swift; path = EmployeeAdminUITestsLaunchTests.swift; sourceTree = "<group>"; };
		93288ED42B13DD1500E63B07 /* UserListView.swift */ = {isa = PBXFileReference; lastKnownFileType = sourcecode.swift; path = UserListView.swift; sourceTree = "<group>"; };
		93288ED62B13E12400E63B07 /* UserListViewModel.swift */ = {isa = PBXFileReference; lastKnownFileType = sourcecode.swift; path = UserListViewModel.swift; sourceTree = "<group>"; };
		93288ED92B13E1AF00E63B07 /* User.swift */ = {isa = PBXFileReference; lastKnownFileType = sourcecode.swift; path = User.swift; sourceTree = "<group>"; };
		93288EDB2B13E1E600E63B07 /* Department.swift */ = {isa = PBXFileReference; lastKnownFileType = sourcecode.swift; path = Department.swift; sourceTree = "<group>"; };
		93288EDD2B13E20500E63B07 /* Role.swift */ = {isa = PBXFileReference; lastKnownFileType = sourcecode.swift; path = Role.swift; sourceTree = "<group>"; };
		93288EDF2B13E2C700E63B07 /* ApplicationFacade.swift */ = {isa = PBXFileReference; lastKnownFileType = sourcecode.swift; path = ApplicationFacade.swift; sourceTree = "<group>"; };
		93288EE42B13E37800E63B07 /* EmployeeAdminMediator.swift */ = {isa = PBXFileReference; lastKnownFileType = sourcecode.swift; path = EmployeeAdminMediator.swift; sourceTree = "<group>"; };
		93288EE62B13E3B300E63B07 /* EmployeeAdminAppMediator.swift */ = {isa = PBXFileReference; lastKnownFileType = sourcecode.swift; path = EmployeeAdminAppMediator.swift; sourceTree = "<group>"; };
		932FCD7A2B16CF39008AC273 /* Exception.swift */ = {isa = PBXFileReference; lastKnownFileType = sourcecode.swift; path = Exception.swift; sourceTree = "<group>"; };
		93BF9B922B1899F500A10426 /* UserRoleView.swift */ = {isa = PBXFileReference; lastKnownFileType = sourcecode.swift; path = UserRoleView.swift; sourceTree = "<group>"; };
		93BF9B942B189AF900A10426 /* UserRoleViewModel.swift */ = {isa = PBXFileReference; lastKnownFileType = sourcecode.swift; path = UserRoleViewModel.swift; sourceTree = "<group>"; };
/* End PBXFileReference section */

/* Begin PBXFrameworksBuildPhase section */
		93288EA02B13DB7800E63B07 /* Frameworks */ = {
			isa = PBXFrameworksBuildPhase;
			buildActionMask = 2147483647;
			files = (
				93288EE32B13E31200E63B07 /* PureMVC in Frameworks */,
			);
			runOnlyForDeploymentPostprocessing = 0;
		};
		93288EB02B13DB7A00E63B07 /* Frameworks */ = {
			isa = PBXFrameworksBuildPhase;
			buildActionMask = 2147483647;
			files = (
			);
			runOnlyForDeploymentPostprocessing = 0;
		};
		93288EBA2B13DB7A00E63B07 /* Frameworks */ = {
			isa = PBXFrameworksBuildPhase;
			buildActionMask = 2147483647;
			files = (
			);
			runOnlyForDeploymentPostprocessing = 0;
		};
/* End PBXFrameworksBuildPhase section */

/* Begin PBXGroup section */
		93288E9A2B13DB7800E63B07 = {
			isa = PBXGroup;
			children = (
				93288EA52B13DB7800E63B07 /* EmployeeAdmin */,
				93288EB62B13DB7A00E63B07 /* EmployeeAdminTests */,
				93288EC02B13DB7A00E63B07 /* EmployeeAdminUITests */,
				93288EA42B13DB7800E63B07 /* Products */,
			);
			sourceTree = "<group>";
		};
		93288EA42B13DB7800E63B07 /* Products */ = {
			isa = PBXGroup;
			children = (
				93288EA32B13DB7800E63B07 /* EmployeeAdmin.app */,
				93288EB32B13DB7A00E63B07 /* EmployeeAdminTests.xctest */,
				93288EBD2B13DB7A00E63B07 /* EmployeeAdminUITests.xctest */,
			);
			name = Products;
			sourceTree = "<group>";
		};
		93288EA52B13DB7800E63B07 /* EmployeeAdmin */ = {
			isa = PBXGroup;
			children = (
				9309230C2B1463D3005E4DAB /* Info.plist */,
				93288ED22B13DC5000E63B07 /* controller */,
				93288ED12B13DC4800E63B07 /* model */,
				93288ED02B13DC3900E63B07 /* view */,
				93288EA62B13DB7800E63B07 /* EmployeeAdminApp.swift */,
				93288EDF2B13E2C700E63B07 /* ApplicationFacade.swift */,
				93288EAA2B13DB7A00E63B07 /* Assets.xcassets */,
				93288EAC2B13DB7A00E63B07 /* Preview Content */,
			);
			path = EmployeeAdmin;
			sourceTree = "<group>";
		};
		93288EAC2B13DB7A00E63B07 /* Preview Content */ = {
			isa = PBXGroup;
			children = (
				93288EAD2B13DB7A00E63B07 /* Preview Assets.xcassets */,
			);
			path = "Preview Content";
			sourceTree = "<group>";
		};
		93288EB62B13DB7A00E63B07 /* EmployeeAdminTests */ = {
			isa = PBXGroup;
			children = (
				93288EB72B13DB7A00E63B07 /* EmployeeAdminTests.swift */,
			);
			path = EmployeeAdminTests;
			sourceTree = "<group>";
		};
		93288EC02B13DB7A00E63B07 /* EmployeeAdminUITests */ = {
			isa = PBXGroup;
			children = (
				93288EC12B13DB7A00E63B07 /* EmployeeAdminUITests.swift */,
				93288EC32B13DB7A00E63B07 /* EmployeeAdminUITestsLaunchTests.swift */,
			);
			path = EmployeeAdminUITests;
			sourceTree = "<group>";
		};
		93288ED02B13DC3900E63B07 /* view */ = {
			isa = PBXGroup;
			children = (
				93288ED32B13DCE100E63B07 /* components */,
				93288EE62B13E3B300E63B07 /* EmployeeAdminAppMediator.swift */,
				93288EE42B13E37800E63B07 /* EmployeeAdminMediator.swift */,
			);
			path = view;
			sourceTree = "<group>";
		};
		93288ED12B13DC4800E63B07 /* model */ = {
			isa = PBXGroup;
			children = (
				93288ED82B13E19300E63B07 /* valueObject */,
				930923042B13EB80005E4DAB /* UserProxy.swift */,
				930923082B13F0A4005E4DAB /* RoleProxy.swift */,
			);
			path = model;
			sourceTree = "<group>";
		};
		93288ED22B13DC5000E63B07 /* controller */ = {
			isa = PBXGroup;
			children = (
				930923062B13EBB5005E4DAB /* StartupCommand.swift */,
			);
			path = controller;
			sourceTree = "<group>";
		};
		93288ED32B13DCE100E63B07 /* components */ = {
			isa = PBXGroup;
			children = (
				93288ED42B13DD1500E63B07 /* UserListView.swift */,
				93288ED62B13E12400E63B07 /* UserListViewModel.swift */,
				9309230A2B14521F005E4DAB /* UserFormView.swift */,
				9309230F2B147E11005E4DAB /* UserFormViewModel.swift */,
				93BF9B922B1899F500A10426 /* UserRoleView.swift */,
				93BF9B942B189AF900A10426 /* UserRoleViewModel.swift */,
			);
			path = components;
			sourceTree = "<group>";
		};
		93288ED82B13E19300E63B07 /* valueObject */ = {
			isa = PBXGroup;
			children = (
				93288ED92B13E1AF00E63B07 /* User.swift */,
				93288EDB2B13E1E600E63B07 /* Department.swift */,
				93288EDD2B13E20500E63B07 /* Role.swift */,
				932FCD7A2B16CF39008AC273 /* Exception.swift */,
			);
			path = valueObject;
			sourceTree = "<group>";
		};
/* End PBXGroup section */

/* Begin PBXNativeTarget section */
		93288EA22B13DB7800E63B07 /* EmployeeAdmin */ = {
			isa = PBXNativeTarget;
			buildConfigurationList = 93288EC72B13DB7A00E63B07 /* Build configuration list for PBXNativeTarget "EmployeeAdmin" */;
			buildPhases = (
				93288E9F2B13DB7800E63B07 /* Sources */,
				93288EA02B13DB7800E63B07 /* Frameworks */,
				93288EA12B13DB7800E63B07 /* Resources */,
			);
			buildRules = (
			);
			dependencies = (
			);
			name = EmployeeAdmin;
			packageProductDependencies = (
				93288EE22B13E31200E63B07 /* PureMVC */,
			);
			productName = EmployeeAdmin;
			productReference = 93288EA32B13DB7800E63B07 /* EmployeeAdmin.app */;
			productType = "com.apple.product-type.application";
		};
		93288EB22B13DB7A00E63B07 /* EmployeeAdminTests */ = {
			isa = PBXNativeTarget;
			buildConfigurationList = 93288ECA2B13DB7A00E63B07 /* Build configuration list for PBXNativeTarget "EmployeeAdminTests" */;
			buildPhases = (
				93288EAF2B13DB7A00E63B07 /* Sources */,
				93288EB02B13DB7A00E63B07 /* Frameworks */,
				93288EB12B13DB7A00E63B07 /* Resources */,
			);
			buildRules = (
			);
			dependencies = (
				93288EB52B13DB7A00E63B07 /* PBXTargetDependency */,
			);
			name = EmployeeAdminTests;
			productName = EmployeeAdminTests;
			productReference = 93288EB32B13DB7A00E63B07 /* EmployeeAdminTests.xctest */;
			productType = "com.apple.product-type.bundle.unit-test";
		};
		93288EBC2B13DB7A00E63B07 /* EmployeeAdminUITests */ = {
			isa = PBXNativeTarget;
			buildConfigurationList = 93288ECD2B13DB7A00E63B07 /* Build configuration list for PBXNativeTarget "EmployeeAdminUITests" */;
			buildPhases = (
				93288EB92B13DB7A00E63B07 /* Sources */,
				93288EBA2B13DB7A00E63B07 /* Frameworks */,
				93288EBB2B13DB7A00E63B07 /* Resources */,
			);
			buildRules = (
			);
			dependencies = (
				93288EBF2B13DB7A00E63B07 /* PBXTargetDependency */,
			);
			name = EmployeeAdminUITests;
			productName = EmployeeAdminUITests;
			productReference = 93288EBD2B13DB7A00E63B07 /* EmployeeAdminUITests.xctest */;
			productType = "com.apple.product-type.bundle.ui-testing";
		};
/* End PBXNativeTarget section */

/* Begin PBXProject section */
		93288E9B2B13DB7800E63B07 /* Project object */ = {
			isa = PBXProject;
			attributes = {
				BuildIndependentTargetsInParallel = 1;
				LastSwiftUpdateCheck = 1420;
				LastUpgradeCheck = 1420;
				TargetAttributes = {
					93288EA22B13DB7800E63B07 = {
						CreatedOnToolsVersion = 14.2;
					};
					93288EB22B13DB7A00E63B07 = {
						CreatedOnToolsVersion = 14.2;
						TestTargetID = 93288EA22B13DB7800E63B07;
					};
					93288EBC2B13DB7A00E63B07 = {
						CreatedOnToolsVersion = 14.2;
						TestTargetID = 93288EA22B13DB7800E63B07;
					};
				};
			};
			buildConfigurationList = 93288E9E2B13DB7800E63B07 /* Build configuration list for PBXProject "EmployeeAdmin" */;
			compatibilityVersion = "Xcode 14.0";
			developmentRegion = en;
			hasScannedForEncodings = 0;
			knownRegions = (
				en,
				Base,
			);
			mainGroup = 93288E9A2B13DB7800E63B07;
			packageReferences = (
				93288EE12B13E31200E63B07 /* XCRemoteSwiftPackageReference "puremvc-swift-multicore-framework" */,
			);
			productRefGroup = 93288EA42B13DB7800E63B07 /* Products */;
			projectDirPath = "";
			projectRoot = "";
			targets = (
				93288EA22B13DB7800E63B07 /* EmployeeAdmin */,
				93288EB22B13DB7A00E63B07 /* EmployeeAdminTests */,
				93288EBC2B13DB7A00E63B07 /* EmployeeAdminUITests */,
			);
		};
/* End PBXProject section */

/* Begin PBXResourcesBuildPhase section */
		93288EA12B13DB7800E63B07 /* Resources */ = {
			isa = PBXResourcesBuildPhase;
			buildActionMask = 2147483647;
			files = (
				93288EAE2B13DB7A00E63B07 /* Preview Assets.xcassets in Resources */,
				93288EAB2B13DB7A00E63B07 /* Assets.xcassets in Resources */,
			);
			runOnlyForDeploymentPostprocessing = 0;
		};
		93288EB12B13DB7A00E63B07 /* Resources */ = {
			isa = PBXResourcesBuildPhase;
			buildActionMask = 2147483647;
			files = (
			);
			runOnlyForDeploymentPostprocessing = 0;
		};
		93288EBB2B13DB7A00E63B07 /* Resources */ = {
			isa = PBXResourcesBuildPhase;
			buildActionMask = 2147483647;
			files = (
			);
			runOnlyForDeploymentPostprocessing = 0;
		};
/* End PBXResourcesBuildPhase section */

/* Begin PBXSourcesBuildPhase section */
		93288E9F2B13DB7800E63B07 /* Sources */ = {
			isa = PBXSourcesBuildPhase;
			buildActionMask = 2147483647;
			files = (
				93288ED72B13E12400E63B07 /* UserListViewModel.swift in Sources */,
				9309230B2B14521F005E4DAB /* UserFormView.swift in Sources */,
				930923092B13F0A4005E4DAB /* RoleProxy.swift in Sources */,
				930923072B13EBB5005E4DAB /* StartupCommand.swift in Sources */,
				93288EDE2B13E20500E63B07 /* Role.swift in Sources */,
				93288EE02B13E2C700E63B07 /* ApplicationFacade.swift in Sources */,
				932FCD7B2B16CF39008AC273 /* Exception.swift in Sources */,
				930923052B13EB80005E4DAB /* UserProxy.swift in Sources */,
				93BF9B952B189AF900A10426 /* UserRoleViewModel.swift in Sources */,
				930923102B147E11005E4DAB /* UserFormViewModel.swift in Sources */,
				93BF9B932B1899F500A10426 /* UserRoleView.swift in Sources */,
				93288ED52B13DD1500E63B07 /* UserListView.swift in Sources */,
				93288EE52B13E37800E63B07 /* EmployeeAdminMediator.swift in Sources */,
				93288EDA2B13E1AF00E63B07 /* User.swift in Sources */,
				93288EA72B13DB7800E63B07 /* EmployeeAdminApp.swift in Sources */,
				93288EE72B13E3B300E63B07 /* EmployeeAdminAppMediator.swift in Sources */,
				93288EDC2B13E1E600E63B07 /* Department.swift in Sources */,
			);
			runOnlyForDeploymentPostprocessing = 0;
		};
		93288EAF2B13DB7A00E63B07 /* Sources */ = {
			isa = PBXSourcesBuildPhase;
			buildActionMask = 2147483647;
			files = (
				93288EB82B13DB7A00E63B07 /* EmployeeAdminTests.swift in Sources */,
			);
			runOnlyForDeploymentPostprocessing = 0;
		};
		93288EB92B13DB7A00E63B07 /* Sources */ = {
			isa = PBXSourcesBuildPhase;
			buildActionMask = 2147483647;
			files = (
				93288EC42B13DB7A00E63B07 /* EmployeeAdminUITestsLaunchTests.swift in Sources */,
				93288EC22B13DB7A00E63B07 /* EmployeeAdminUITests.swift in Sources */,
			);
			runOnlyForDeploymentPostprocessing = 0;
		};
/* End PBXSourcesBuildPhase section */

/* Begin PBXTargetDependency section */
		93288EB52B13DB7A00E63B07 /* PBXTargetDependency */ = {
			isa = PBXTargetDependency;
			target = 93288EA22B13DB7800E63B07 /* EmployeeAdmin */;
			targetProxy = 93288EB42B13DB7A00E63B07 /* PBXContainerItemProxy */;
		};
		93288EBF2B13DB7A00E63B07 /* PBXTargetDependency */ = {
			isa = PBXTargetDependency;
			target = 93288EA22B13DB7800E63B07 /* EmployeeAdmin */;
			targetProxy = 93288EBE2B13DB7A00E63B07 /* PBXContainerItemProxy */;
		};
/* End PBXTargetDependency section */

/* Begin XCBuildConfiguration section */
		93288EC52B13DB7A00E63B07 /* Debug */ = {
			isa = XCBuildConfiguration;
			buildSettings = {
				ALWAYS_SEARCH_USER_PATHS = NO;
				CLANG_ANALYZER_NONNULL = YES;
				CLANG_ANALYZER_NUMBER_OBJECT_CONVERSION = YES_AGGRESSIVE;
				CLANG_CXX_LANGUAGE_STANDARD = "gnu++20";
				CLANG_ENABLE_MODULES = YES;
				CLANG_ENABLE_OBJC_ARC = YES;
				CLANG_ENABLE_OBJC_WEAK = YES;
				CLANG_WARN_BLOCK_CAPTURE_AUTORELEASING = YES;
				CLANG_WARN_BOOL_CONVERSION = YES;
				CLANG_WARN_COMMA = YES;
				CLANG_WARN_CONSTANT_CONVERSION = YES;
				CLANG_WARN_DEPRECATED_OBJC_IMPLEMENTATIONS = YES;
				CLANG_WARN_DIRECT_OBJC_ISA_USAGE = YES_ERROR;
				CLANG_WARN_DOCUMENTATION_COMMENTS = YES;
				CLANG_WARN_EMPTY_BODY = YES;
				CLANG_WARN_ENUM_CONVERSION = YES;
				CLANG_WARN_INFINITE_RECURSION = YES;
				CLANG_WARN_INT_CONVERSION = YES;
				CLANG_WARN_NON_LITERAL_NULL_CONVERSION = YES;
				CLANG_WARN_OBJC_IMPLICIT_RETAIN_SELF = YES;
				CLANG_WARN_OBJC_LITERAL_CONVERSION = YES;
				CLANG_WARN_OBJC_ROOT_CLASS = YES_ERROR;
				CLANG_WARN_QUOTED_INCLUDE_IN_FRAMEWORK_HEADER = YES;
				CLANG_WARN_RANGE_LOOP_ANALYSIS = YES;
				CLANG_WARN_STRICT_PROTOTYPES = YES;
				CLANG_WARN_SUSPICIOUS_MOVE = YES;
				CLANG_WARN_UNGUARDED_AVAILABILITY = YES_AGGRESSIVE;
				CLANG_WARN_UNREACHABLE_CODE = YES;
				CLANG_WARN__DUPLICATE_METHOD_MATCH = YES;
				COPY_PHASE_STRIP = NO;
				DEBUG_INFORMATION_FORMAT = dwarf;
				ENABLE_STRICT_OBJC_MSGSEND = YES;
				ENABLE_TESTABILITY = YES;
				GCC_C_LANGUAGE_STANDARD = gnu11;
				GCC_DYNAMIC_NO_PIC = NO;
				GCC_NO_COMMON_BLOCKS = YES;
				GCC_OPTIMIZATION_LEVEL = 0;
				GCC_PREPROCESSOR_DEFINITIONS = (
					"DEBUG=1",
					"$(inherited)",
				);
				GCC_WARN_64_TO_32_BIT_CONVERSION = YES;
				GCC_WARN_ABOUT_RETURN_TYPE = YES_ERROR;
				GCC_WARN_UNDECLARED_SELECTOR = YES;
				GCC_WARN_UNINITIALIZED_AUTOS = YES_AGGRESSIVE;
				GCC_WARN_UNUSED_FUNCTION = YES;
				GCC_WARN_UNUSED_VARIABLE = YES;
				IPHONEOS_DEPLOYMENT_TARGET = 16.2;
				MTL_ENABLE_DEBUG_INFO = INCLUDE_SOURCE;
				MTL_FAST_MATH = YES;
				ONLY_ACTIVE_ARCH = YES;
				SDKROOT = iphoneos;
				SWIFT_ACTIVE_COMPILATION_CONDITIONS = DEBUG;
				SWIFT_OPTIMIZATION_LEVEL = "-Onone";
			};
			name = Debug;
		};
		93288EC62B13DB7A00E63B07 /* Release */ = {
			isa = XCBuildConfiguration;
			buildSettings = {
				ALWAYS_SEARCH_USER_PATHS = NO;
				CLANG_ANALYZER_NONNULL = YES;
				CLANG_ANALYZER_NUMBER_OBJECT_CONVERSION = YES_AGGRESSIVE;
				CLANG_CXX_LANGUAGE_STANDARD = "gnu++20";
				CLANG_ENABLE_MODULES = YES;
				CLANG_ENABLE_OBJC_ARC = YES;
				CLANG_ENABLE_OBJC_WEAK = YES;
				CLANG_WARN_BLOCK_CAPTURE_AUTORELEASING = YES;
				CLANG_WARN_BOOL_CONVERSION = YES;
				CLANG_WARN_COMMA = YES;
				CLANG_WARN_CONSTANT_CONVERSION = YES;
				CLANG_WARN_DEPRECATED_OBJC_IMPLEMENTATIONS = YES;
				CLANG_WARN_DIRECT_OBJC_ISA_USAGE = YES_ERROR;
				CLANG_WARN_DOCUMENTATION_COMMENTS = YES;
				CLANG_WARN_EMPTY_BODY = YES;
				CLANG_WARN_ENUM_CONVERSION = YES;
				CLANG_WARN_INFINITE_RECURSION = YES;
				CLANG_WARN_INT_CONVERSION = YES;
				CLANG_WARN_NON_LITERAL_NULL_CONVERSION = YES;
				CLANG_WARN_OBJC_IMPLICIT_RETAIN_SELF = YES;
				CLANG_WARN_OBJC_LITERAL_CONVERSION = YES;
				CLANG_WARN_OBJC_ROOT_CLASS = YES_ERROR;
				CLANG_WARN_QUOTED_INCLUDE_IN_FRAMEWORK_HEADER = YES;
				CLANG_WARN_RANGE_LOOP_ANALYSIS = YES;
				CLANG_WARN_STRICT_PROTOTYPES = YES;
				CLANG_WARN_SUSPICIOUS_MOVE = YES;
				CLANG_WARN_UNGUARDED_AVAILABILITY = YES_AGGRESSIVE;
				CLANG_WARN_UNREACHABLE_CODE = YES;
				CLANG_WARN__DUPLICATE_METHOD_MATCH = YES;
				COPY_PHASE_STRIP = NO;
				DEBUG_INFORMATION_FORMAT = "dwarf-with-dsym";
				ENABLE_NS_ASSERTIONS = NO;
				ENABLE_STRICT_OBJC_MSGSEND = YES;
				GCC_C_LANGUAGE_STANDARD = gnu11;
				GCC_NO_COMMON_BLOCKS = YES;
				GCC_WARN_64_TO_32_BIT_CONVERSION = YES;
				GCC_WARN_ABOUT_RETURN_TYPE = YES_ERROR;
				GCC_WARN_UNDECLARED_SELECTOR = YES;
				GCC_WARN_UNINITIALIZED_AUTOS = YES_AGGRESSIVE;
				GCC_WARN_UNUSED_FUNCTION = YES;
				GCC_WARN_UNUSED_VARIABLE = YES;
				IPHONEOS_DEPLOYMENT_TARGET = 16.2;
				MTL_ENABLE_DEBUG_INFO = NO;
				MTL_FAST_MATH = YES;
				SDKROOT = iphoneos;
				SWIFT_COMPILATION_MODE = wholemodule;
				SWIFT_OPTIMIZATION_LEVEL = "-O";
				VALIDATE_PRODUCT = YES;
			};
			name = Release;
		};
		93288EC82B13DB7A00E63B07 /* Debug */ = {
			isa = XCBuildConfiguration;
			buildSettings = {
				ASSETCATALOG_COMPILER_APPICON_NAME = AppIcon;
				ASSETCATALOG_COMPILER_GLOBAL_ACCENT_COLOR_NAME = AccentColor;
				CODE_SIGN_STYLE = Automatic;
				CURRENT_PROJECT_VERSION = 1;
				DEVELOPMENT_ASSET_PATHS = "\"EmployeeAdmin/Preview Content\"";
				ENABLE_PREVIEWS = YES;
				GENERATE_INFOPLIST_FILE = YES;
				INFOPLIST_FILE = EmployeeAdmin/Info.plist;
				INFOPLIST_KEY_UIApplicationSupportsIndirectInputEvents = YES;
				INFOPLIST_KEY_UILaunchScreen_Generation = YES;
				INFOPLIST_KEY_UISupportedInterfaceOrientations_iPad = "UIInterfaceOrientationPortrait UIInterfaceOrientationPortraitUpsideDown UIInterfaceOrientationLandscapeLeft UIInterfaceOrientationLandscapeRight";
				INFOPLIST_KEY_UISupportedInterfaceOrientations_iPhone = "UIInterfaceOrientationPortrait UIInterfaceOrientationLandscapeLeft UIInterfaceOrientationLandscapeRight";
				LD_RUNPATH_SEARCH_PATHS = (
					"$(inherited)",
					"@executable_path/Frameworks",
				);
				MARKETING_VERSION = 1.0;
				PRODUCT_BUNDLE_IDENTIFIER = org.puremvc.EmployeeAdmin;
				PRODUCT_NAME = "$(TARGET_NAME)";
				SWIFT_EMIT_LOC_STRINGS = YES;
				SWIFT_VERSION = 5.0;
				TARGETED_DEVICE_FAMILY = "1,2";
			};
			name = Debug;
		};
		93288EC92B13DB7A00E63B07 /* Release */ = {
			isa = XCBuildConfiguration;
			buildSettings = {
				ASSETCATALOG_COMPILER_APPICON_NAME = AppIcon;
				ASSETCATALOG_COMPILER_GLOBAL_ACCENT_COLOR_NAME = AccentColor;
				CODE_SIGN_STYLE = Automatic;
				CURRENT_PROJECT_VERSION = 1;
				DEVELOPMENT_ASSET_PATHS = "\"EmployeeAdmin/Preview Content\"";
				ENABLE_PREVIEWS = YES;
				GENERATE_INFOPLIST_FILE = YES;
				INFOPLIST_FILE = EmployeeAdmin/Info.plist;
				INFOPLIST_KEY_UIApplicationSupportsIndirectInputEvents = YES;
				INFOPLIST_KEY_UILaunchScreen_Generation = YES;
				INFOPLIST_KEY_UISupportedInterfaceOrientations_iPad = "UIInterfaceOrientationPortrait UIInterfaceOrientationPortraitUpsideDown UIInterfaceOrientationLandscapeLeft UIInterfaceOrientationLandscapeRight";
				INFOPLIST_KEY_UISupportedInterfaceOrientations_iPhone = "UIInterfaceOrientationPortrait UIInterfaceOrientationLandscapeLeft UIInterfaceOrientationLandscapeRight";
				LD_RUNPATH_SEARCH_PATHS = (
					"$(inherited)",
					"@executable_path/Frameworks",
				);
				MARKETING_VERSION = 1.0;
				PRODUCT_BUNDLE_IDENTIFIER = org.puremvc.EmployeeAdmin;
				PRODUCT_NAME = "$(TARGET_NAME)";
				SWIFT_EMIT_LOC_STRINGS = YES;
				SWIFT_VERSION = 5.0;
				TARGETED_DEVICE_FAMILY = "1,2";
			};
			name = Release;
		};
		93288ECB2B13DB7A00E63B07 /* Debug */ = {
			isa = XCBuildConfiguration;
			buildSettings = {
				ALWAYS_EMBED_SWIFT_STANDARD_LIBRARIES = YES;
				BUNDLE_LOADER = "$(TEST_HOST)";
				CODE_SIGN_STYLE = Automatic;
				CURRENT_PROJECT_VERSION = 1;
				GENERATE_INFOPLIST_FILE = YES;
				IPHONEOS_DEPLOYMENT_TARGET = 16.2;
				MARKETING_VERSION = 1.0;
				PRODUCT_BUNDLE_IDENTIFIER = org.puremvc.EmployeeAdminTests;
				PRODUCT_NAME = "$(TARGET_NAME)";
				SWIFT_EMIT_LOC_STRINGS = NO;
				SWIFT_VERSION = 5.0;
				TARGETED_DEVICE_FAMILY = "1,2";
				TEST_HOST = "$(BUILT_PRODUCTS_DIR)/EmployeeAdmin.app/$(BUNDLE_EXECUTABLE_FOLDER_PATH)/EmployeeAdmin";
			};
			name = Debug;
		};
		93288ECC2B13DB7A00E63B07 /* Release */ = {
			isa = XCBuildConfiguration;
			buildSettings = {
				ALWAYS_EMBED_SWIFT_STANDARD_LIBRARIES = YES;
				BUNDLE_LOADER = "$(TEST_HOST)";
				CODE_SIGN_STYLE = Automatic;
				CURRENT_PROJECT_VERSION = 1;
				GENERATE_INFOPLIST_FILE = YES;
				IPHONEOS_DEPLOYMENT_TARGET = 16.2;
				MARKETING_VERSION = 1.0;
				PRODUCT_BUNDLE_IDENTIFIER = org.puremvc.EmployeeAdminTests;
				PRODUCT_NAME = "$(TARGET_NAME)";
				SWIFT_EMIT_LOC_STRINGS = NO;
				SWIFT_VERSION = 5.0;
				TARGETED_DEVICE_FAMILY = "1,2";
				TEST_HOST = "$(BUILT_PRODUCTS_DIR)/EmployeeAdmin.app/$(BUNDLE_EXECUTABLE_FOLDER_PATH)/EmployeeAdmin";
			};
			name = Release;
		};
		93288ECE2B13DB7A00E63B07 /* Debug */ = {
			isa = XCBuildConfiguration;
			buildSettings = {
				ALWAYS_EMBED_SWIFT_STANDARD_LIBRARIES = YES;
				CODE_SIGN_STYLE = Automatic;
				CURRENT_PROJECT_VERSION = 1;
				GENERATE_INFOPLIST_FILE = YES;
				MARKETING_VERSION = 1.0;
				PRODUCT_BUNDLE_IDENTIFIER = org.puremvc.EmployeeAdminUITests;
				PRODUCT_NAME = "$(TARGET_NAME)";
				SWIFT_EMIT_LOC_STRINGS = NO;
				SWIFT_VERSION = 5.0;
				TARGETED_DEVICE_FAMILY = "1,2";
				TEST_TARGET_NAME = EmployeeAdmin;
			};
			name = Debug;
		};
		93288ECF2B13DB7A00E63B07 /* Release */ = {
			isa = XCBuildConfiguration;
			buildSettings = {
				ALWAYS_EMBED_SWIFT_STANDARD_LIBRARIES = YES;
				CODE_SIGN_STYLE = Automatic;
				CURRENT_PROJECT_VERSION = 1;
				GENERATE_INFOPLIST_FILE = YES;
				MARKETING_VERSION = 1.0;
				PRODUCT_BUNDLE_IDENTIFIER = org.puremvc.EmployeeAdminUITests;
				PRODUCT_NAME = "$(TARGET_NAME)";
				SWIFT_EMIT_LOC_STRINGS = NO;
				SWIFT_VERSION = 5.0;
				TARGETED_DEVICE_FAMILY = "1,2";
				TEST_TARGET_NAME = EmployeeAdmin;
			};
			name = Release;
		};
/* End XCBuildConfiguration section */

/* Begin XCConfigurationList section */
		93288E9E2B13DB7800E63B07 /* Build configuration list for PBXProject "EmployeeAdmin" */ = {
			isa = XCConfigurationList;
			buildConfigurations = (
				93288EC52B13DB7A00E63B07 /* Debug */,
				93288EC62B13DB7A00E63B07 /* Release */,
			);
			defaultConfigurationIsVisible = 0;
			defaultConfigurationName = Release;
		};
		93288EC72B13DB7A00E63B07 /* Build configuration list for PBXNativeTarget "EmployeeAdmin" */ = {
			isa = XCConfigurationList;
			buildConfigurations = (
				93288EC82B13DB7A00E63B07 /* Debug */,
				93288EC92B13DB7A00E63B07 /* Release */,
			);
			defaultConfigurationIsVisible = 0;
			defaultConfigurationName = Release;
		};
		93288ECA2B13DB7A00E63B07 /* Build configuration list for PBXNativeTarget "EmployeeAdminTests" */ = {
			isa = XCConfigurationList;
			buildConfigurations = (
				93288ECB2B13DB7A00E63B07 /* Debug */,
				93288ECC2B13DB7A00E63B07 /* Release */,
			);
			defaultConfigurationIsVisible = 0;
			defaultConfigurationName = Release;
		};
		93288ECD2B13DB7A00E63B07 /* Build configuration list for PBXNativeTarget "EmployeeAdminUITests" */ = {
			isa = XCConfigurationList;
			buildConfigurations = (
				93288ECE2B13DB7A00E63B07 /* Debug */,
				93288ECF2B13DB7A00E63B07 /* Release */,
			);
			defaultConfigurationIsVisible = 0;
			defaultConfigurationName = Release;
		};
/* End XCConfigurationList section */

/* Begin XCRemoteSwiftPackageReference section */
		93288EE12B13E31200E63B07 /* XCRemoteSwiftPackageReference "puremvc-swift-multicore-framework" */ = {
			isa = XCRemoteSwiftPackageReference;
			repositoryURL = "https://github.com/PureMVC/puremvc-swift-multicore-framework";
			requirement = {
				kind = upToNextMajorVersion;
				minimumVersion = 1.0.0;
			};
		};
/* End XCRemoteSwiftPackageReference section */

/* Begin XCSwiftPackageProductDependency section */
		93288EE22B13E31200E63B07 /* PureMVC */ = {
			isa = XCSwiftPackageProductDependency;
			package = 93288EE12B13E31200E63B07 /* XCRemoteSwiftPackageReference "puremvc-swift-multicore-framework" */;
			productName = PureMVC;
		};
/* End XCSwiftPackageProductDependency section */
	};
	rootObject = 93288E9B2B13DB7800E63B07 /* Project object */;
}
