{
  "object": {
    "pins": [
      {
        "package": "PureMVC",
        "repositoryURL": "https://github.com/PureMVC/puremvc-swift-multicore-framework",
        "state": {
          "branch": null,
          "revision": "25e79fb032637d4972ca01bf6a3beee3289edc05",
          "version": "1.5.0"
        }
      }
    ]
  },
  "version": 1
}
